Microsoft Visual Studio Solution File, Format Version 12.00
# Visual Studio Version 17
VisualStudioVersion = 17.5.2.0
MinimumVisualStudioVersion = 10.0.40219.1
Project("{FAE04EC0-301F-11D3-BF4B-00C04F79EFBC}") = "Zdravo", "Zdravo\Zdravo.csproj", "{DCA94ECE-1379-5138-2802-22F77D4051A0}"
EndProject
Global
	GlobalSection(SolutionConfigurationPlatforms) = preSolution
		Debug|Any CPU = Debug|Any CPU
		Release|Any CPU = Release|Any CPU
	EndGlobalSection
	GlobalSection(ProjectConfigurationPlatforms) = postSolution
		{DCA94ECE-1379-5138-2802-22F77D4051A0}.Debug|Any CPU.ActiveCfg = Debug|Any CPU
		{DCA94ECE-1379-5138-2802-22F77D4051A0}.Debug|Any CPU.Build.0 = Debug|Any CPU
		{DCA94ECE-1379-5138-2802-22F77D4051A0}.Release|Any CPU.ActiveCfg = Release|Any CPU
		{DCA94ECE-1379-5138-2802-22F77D4051A0}.Release|Any CPU.Build.0 = Release|Any CPU
	EndGlobalSection
	GlobalSection(SolutionProperties) = preSolution
		HideSolutionNode = FALSE
	EndGlobalSection
	GlobalSection(NestedProjects) = preSolution
		{DCA94ECE-1379-5138-2802-22F77D4051A0} = {827E0CD3-B72D-47B6-A68D-7590B98EB39B}
	EndGlobalSection
	GlobalSection(ExtensibilityGlobals) = postSolution
		SolutionGuid = {C8AEBB59-4957-488D-B8E9-86ACD372362E}
	EndGlobalSection
EndGlobal
